
Microsoft Visual Studio Solution File, Format Version 12.00
# Visual Studio Version 16
VisualStudioVersion = 16.0.29613.14
MinimumVisualStudioVersion = 10.0.40219.1
Project("{FAE04EC0-301F-11D3-BF4B-00C04F79EFBC}") = "WebAdvert.Web", "WebAdvert.Web.csproj", "{73F01FFC-C550-406F-974C-0978CEAD6903}"
EndProject
Global
	GlobalSection(SolutionConfigurationPlatforms) = preSolution
		Debug|Any CPU = Debug|Any CPU
		Release|Any CPU = Release|Any CPU
	EndGlobalSection
	GlobalSection(ProjectConfigurationPlatforms) = postSolution
		{73F01FFC-C550-406F-974C-0978CEAD6903}.Debug|Any CPU.ActiveCfg = Debug|Any CPU
		{73F01FFC-C550-406F-974C-0978CEAD6903}.Debug|Any CPU.Build.0 = Debug|Any CPU
		{73F01FFC-C550-406F-974C-0978CEAD6903}.Release|Any CPU.ActiveCfg = Release|Any CPU
		{73F01FFC-C550-406F-974C-0978CEAD6903}.Release|Any CPU.Build.0 = Release|Any CPU
	EndGlobalSection
	GlobalSection(SolutionProperties) = preSolution
		HideSolutionNode = FALSE
	EndGlobalSection
	GlobalSection(ExtensibilityGlobals) = postSolution
		SolutionGuid = {513EE684-3102-468A-B0EE-88CDBC790CB3}
	EndGlobalSection
EndGlobal
